// !$*UTF8*$!
{
	archiveVersion = 1;
	classes = {
	};
	objectVersion = 55;
	objects = {

/* Begin PBXBuildFile section */
		1844644E27FCDB43005F3B73 /* AppDelegate.swift in Sources */ = {isa = PBXBuildFile; fileRef = 1844644D27FCDB43005F3B73 /* AppDelegate.swift */; };
		1844645027FCDB43005F3B73 /* SceneDelegate.swift in Sources */ = {isa = PBXBuildFile; fileRef = 1844644F27FCDB43005F3B73 /* SceneDelegate.swift */; };
		1844645227FCDB43005F3B73 /* ViewController.swift in Sources */ = {isa = PBXBuildFile; fileRef = 1844645127FCDB43005F3B73 /* ViewController.swift */; };
		1844645527FCDB43005F3B73 /* Main.storyboard in Resources */ = {isa = PBXBuildFile; fileRef = 1844645327FCDB43005F3B73 /* Main.storyboard */; };
		1844645827FCDB43005F3B73 /* gitIgnore.xcdatamodeld in Sources */ = {isa = PBXBuildFile; fileRef = 1844645627FCDB43005F3B73 /* gitIgnore.xcdatamodeld */; };
		1844645A27FCDB47005F3B73 /* Assets.xcassets in Resources */ = {isa = PBXBuildFile; fileRef = 1844645927FCDB47005F3B73 /* Assets.xcassets */; };
		1844645D27FCDB47005F3B73 /* LaunchScreen.storyboard in Resources */ = {isa = PBXBuildFile; fileRef = 1844645B27FCDB47005F3B73 /* LaunchScreen.storyboard */; };
		1844646827FCDB47005F3B73 /* gitIgnoreTests.swift in Sources */ = {isa = PBXBuildFile; fileRef = 1844646727FCDB47005F3B73 /* gitIgnoreTests.swift */; };
		1844647227FCDB47005F3B73 /* gitIgnoreUITests.swift in Sources */ = {isa = PBXBuildFile; fileRef = 1844647127FCDB47005F3B73 /* gitIgnoreUITests.swift */; };
		1844647427FCDB47005F3B73 /* gitIgnoreUITestsLaunchTests.swift in Sources */ = {isa = PBXBuildFile; fileRef = 1844647327FCDB47005F3B73 /* gitIgnoreUITestsLaunchTests.swift */; };
/* End PBXBuildFile section */

/* Begin PBXContainerItemProxy section */
		1844646427FCDB47005F3B73 /* PBXContainerItemProxy */ = {
			isa = PBXContainerItemProxy;
			containerPortal = 1844644227FCDB43005F3B73 /* Project object */;
			proxyType = 1;
			remoteGlobalIDString = 1844644927FCDB43005F3B73;
			remoteInfo = gitIgnore;
		};
		1844646E27FCDB47005F3B73 /* PBXContainerItemProxy */ = {
			isa = PBXContainerItemProxy;
			containerPortal = 1844644227FCDB43005F3B73 /* Project object */;
			proxyType = 1;
			remoteGlobalIDString = 1844644927FCDB43005F3B73;
			remoteInfo = gitIgnore;
		};
/* End PBXContainerItemProxy section */

/* Begin PBXFileReference section */
		1844644A27FCDB43005F3B73 /* gitIgnore.app */ = {isa = PBXFileReference; explicitFileType = wrapper.application; includeInIndex = 0; path = gitIgnore.app; sourceTree = BUILT_PRODUCTS_DIR; };
		1844644D27FCDB43005F3B73 /* AppDelegate.swift */ = {isa = PBXFileReference; lastKnownFileType = sourcecode.swift; path = AppDelegate.swift; sourceTree = "<group>"; };
		1844644F27FCDB43005F3B73 /* SceneDelegate.swift */ = {isa = PBXFileReference; lastKnownFileType = sourcecode.swift; path = SceneDelegate.swift; sourceTree = "<group>"; };
		1844645127FCDB43005F3B73 /* ViewController.swift */ = {isa = PBXFileReference; lastKnownFileType = sourcecode.swift; path = ViewController.swift; sourceTree = "<group>"; };
		1844645427FCDB43005F3B73 /* Base */ = {isa = PBXFileReference; lastKnownFileType = file.storyboard; name = Base; path = Base.lproj/Main.storyboard; sourceTree = "<group>"; };
		1844645727FCDB43005F3B73 /* gitIgnore.xcdatamodel */ = {isa = PBXFileReference; lastKnownFileType = wrapper.xcdatamodel; path = gitIgnore.xcdatamodel; sourceTree = "<group>"; };
		1844645927FCDB47005F3B73 /* Assets.xcassets */ = {isa = PBXFileReference; lastKnownFileType = folder.assetcatalog; path = Assets.xcassets; sourceTree = "<group>"; };
		1844645C27FCDB47005F3B73 /* Base */ = {isa = PBXFileReference; lastKnownFileType = file.storyboard; name = Base; path = Base.lproj/LaunchScreen.storyboard; sourceTree = "<group>"; };
		1844645E27FCDB47005F3B73 /* Info.plist */ = {isa = PBXFileReference; lastKnownFileType = text.plist.xml; path = Info.plist; sourceTree = "<group>"; };
		1844646327FCDB47005F3B73 /* gitIgnoreTests.xctest */ = {isa = PBXFileReference; explicitFileType = wrapper.cfbundle; includeInIndex = 0; path = gitIgnoreTests.xctest; sourceTree = BUILT_PRODUCTS_DIR; };
		1844646727FCDB47005F3B73 /* gitIgnoreTests.swift */ = {isa = PBXFileReference; lastKnownFileType = sourcecode.swift; path = gitIgnoreTests.swift; sourceTree = "<group>"; };
		1844646D27FCDB47005F3B73 /* gitIgnoreUITests.xctest */ = {isa = PBXFileReference; explicitFileType = wrapper.cfbundle; includeInIndex = 0; path = gitIgnoreUITests.xctest; sourceTree = BUILT_PRODUCTS_DIR; };
		1844647127FCDB47005F3B73 /* gitIgnoreUITests.swift */ = {isa = PBXFileReference; lastKnownFileType = sourcecode.swift; path = gitIgnoreUITests.swift; sourceTree = "<group>"; };
		1844647327FCDB47005F3B73 /* gitIgnoreUITestsLaunchTests.swift */ = {isa = PBXFileReference; lastKnownFileType = sourcecode.swift; path = gitIgnoreUITestsLaunchTests.swift; sourceTree = "<group>"; };
/* End PBXFileReference section */

/* Begin PBXFrameworksBuildPhase section */
		1844644727FCDB43005F3B73 /* Frameworks */ = {
			isa = PBXFrameworksBuildPhase;
			buildActionMask = 2147483647;
			files = (
			);
			runOnlyForDeploymentPostprocessing = 0;
		};
		1844646027FCDB47005F3B73 /* Frameworks */ = {
			isa = PBXFrameworksBuildPhase;
			buildActionMask = 2147483647;
			files = (
			);
			runOnlyForDeploymentPostprocessing = 0;
		};
		1844646A27FCDB47005F3B73 /* Frameworks */ = {
			isa = PBXFrameworksBuildPhase;
			buildActionMask = 2147483647;
			files = (
			);
			runOnlyForDeploymentPostprocessing = 0;
		};
/* End PBXFrameworksBuildPhase section */

/* Begin PBXGroup section */
		1844644127FCDB43005F3B73 = {
			isa = PBXGroup;
			children = (
				1844644C27FCDB43005F3B73 /* gitIgnore */,
				1844646627FCDB47005F3B73 /* gitIgnoreTests */,
				1844647027FCDB47005F3B73 /* gitIgnoreUITests */,
				1844644B27FCDB43005F3B73 /* Products */,
			);
			sourceTree = "<group>";
		};
		1844644B27FCDB43005F3B73 /* Products */ = {
			isa = PBXGroup;
			children = (
				1844644A27FCDB43005F3B73 /* gitIgnore.app */,
				1844646327FCDB47005F3B73 /* gitIgnoreTests.xctest */,
				1844646D27FCDB47005F3B73 /* gitIgnoreUITests.xctest */,
			);
			name = Products;
			sourceTree = "<group>";
		};
		1844644C27FCDB43005F3B73 /* gitIgnore */ = {
			isa = PBXGroup;
			children = (
				1844644D27FCDB43005F3B73 /* AppDelegate.swift */,
				1844644F27FCDB43005F3B73 /* SceneDelegate.swift */,
				1844645127FCDB43005F3B73 /* ViewController.swift */,
				1844645327FCDB43005F3B73 /* Main.storyboard */,
				1844645927FCDB47005F3B73 /* Assets.xcassets */,
				1844645B27FCDB47005F3B73 /* LaunchScreen.storyboard */,
				1844645E27FCDB47005F3B73 /* Info.plist */,
				1844645627FCDB43005F3B73 /* gitIgnore.xcdatamodeld */,
			);
			path = gitIgnore;
			sourceTree = "<group>";
		};
		1844646627FCDB47005F3B73 /* gitIgnoreTests */ = {
			isa = PBXGroup;
			children = (
				1844646727FCDB47005F3B73 /* gitIgnoreTests.swift */,
			);
			path = gitIgnoreTests;
			sourceTree = "<group>";
		};
		1844647027FCDB47005F3B73 /* gitIgnoreUITests */ = {
			isa = PBXGroup;
			children = (
				1844647127FCDB47005F3B73 /* gitIgnoreUITests.swift */,
				1844647327FCDB47005F3B73 /* gitIgnoreUITestsLaunchTests.swift */,
			);
			path = gitIgnoreUITests;
			sourceTree = "<group>";
		};
/* End PBXGroup section */

/* Begin PBXNativeTarget section */
		1844644927FCDB43005F3B73 /* gitIgnore */ = {
			isa = PBXNativeTarget;
			buildConfigurationList = 1844647727FCDB47005F3B73 /* Build configuration list for PBXNativeTarget "gitIgnore" */;
			buildPhases = (
				1844644627FCDB43005F3B73 /* Sources */,
				1844644727FCDB43005F3B73 /* Frameworks */,
				1844644827FCDB43005F3B73 /* Resources */,
			);
			buildRules = (
			);
			dependencies = (
			);
			name = gitIgnore;
			productName = gitIgnore;
			productReference = 1844644A27FCDB43005F3B73 /* gitIgnore.app */;
			productType = "com.apple.product-type.application";
		};
		1844646227FCDB47005F3B73 /* gitIgnoreTests */ = {
			isa = PBXNativeTarget;
			buildConfigurationList = 1844647A27FCDB47005F3B73 /* Build configuration list for PBXNativeTarget "gitIgnoreTests" */;
			buildPhases = (
				1844645F27FCDB47005F3B73 /* Sources */,
				1844646027FCDB47005F3B73 /* Frameworks */,
				1844646127FCDB47005F3B73 /* Resources */,
			);
			buildRules = (
			);
			dependencies = (
				1844646527FCDB47005F3B73 /* PBXTargetDependency */,
			);
			name = gitIgnoreTests;
			productName = gitIgnoreTests;
			productReference = 1844646327FCDB47005F3B73 /* gitIgnoreTests.xctest */;
			productType = "com.apple.product-type.bundle.unit-test";
		};
		1844646C27FCDB47005F3B73 /* gitIgnoreUITests */ = {
			isa = PBXNativeTarget;
			buildConfigurationList = 1844647D27FCDB47005F3B73 /* Build configuration list for PBXNativeTarget "gitIgnoreUITests" */;
			buildPhases = (
				1844646927FCDB47005F3B73 /* Sources */,
				1844646A27FCDB47005F3B73 /* Frameworks */,
				1844646B27FCDB47005F3B73 /* Resources */,
			);
			buildRules = (
			);
			dependencies = (
				1844646F27FCDB47005F3B73 /* PBXTargetDependency */,
			);
			name = gitIgnoreUITests;
			productName = gitIgnoreUITests;
			productReference = 1844646D27FCDB47005F3B73 /* gitIgnoreUITests.xctest */;
			productType = "com.apple.product-type.bundle.ui-testing";
		};
/* End PBXNativeTarget section */

/* Begin PBXProject section */
		1844644227FCDB43005F3B73 /* Project object */ = {
			isa = PBXProject;
			attributes = {
				BuildIndependentTargetsInParallel = 1;
				LastSwiftUpdateCheck = 1330;
				LastUpgradeCheck = 1330;
				TargetAttributes = {
					1844644927FCDB43005F3B73 = {
						CreatedOnToolsVersion = 13.3;
					};
					1844646227FCDB47005F3B73 = {
						CreatedOnToolsVersion = 13.3;
						TestTargetID = 1844644927FCDB43005F3B73;
					};
					1844646C27FCDB47005F3B73 = {
						CreatedOnToolsVersion = 13.3;
						TestTargetID = 1844644927FCDB43005F3B73;
					};
				};
			};
			buildConfigurationList = 1844644527FCDB43005F3B73 /* Build configuration list for PBXProject "gitIgnore" */;
			compatibilityVersion = "Xcode 13.0";
			developmentRegion = en;
			hasScannedForEncodings = 0;
			knownRegions = (
				en,
				Base,
			);
			mainGroup = 1844644127FCDB43005F3B73;
			productRefGroup = 1844644B27FCDB43005F3B73 /* Products */;
			projectDirPath = "";
			projectRoot = "";
			targets = (
				1844644927FCDB43005F3B73 /* gitIgnore */,
				1844646227FCDB47005F3B73 /* gitIgnoreTests */,
				1844646C27FCDB47005F3B73 /* gitIgnoreUITests */,
			);
		};
/* End PBXProject section */

/* Begin PBXResourcesBuildPhase section */
		1844644827FCDB43005F3B73 /* Resources */ = {
			isa = PBXResourcesBuildPhase;
			buildActionMask = 2147483647;
			files = (
				1844645D27FCDB47005F3B73 /* LaunchScreen.storyboard in Resources */,
				1844645A27FCDB47005F3B73 /* Assets.xcassets in Resources */,
				1844645527FCDB43005F3B73 /* Main.storyboard in Resources */,
			);
			runOnlyForDeploymentPostprocessing = 0;
		};
		1844646127FCDB47005F3B73 /* Resources */ = {
			isa = PBXResourcesBuildPhase;
			buildActionMask = 2147483647;
			files = (
			);
			runOnlyForDeploymentPostprocessing = 0;
		};
		1844646B27FCDB47005F3B73 /* Resources */ = {
			isa = PBXResourcesBuildPhase;
			buildActionMask = 2147483647;
			files = (
			);
			runOnlyForDeploymentPostprocessing = 0;
		};
/* End PBXResourcesBuildPhase section */

/* Begin PBXSourcesBuildPhase section */
		1844644627FCDB43005F3B73 /* Sources */ = {
			isa = PBXSourcesBuildPhase;
			buildActionMask = 2147483647;
			files = (
				1844645227FCDB43005F3B73 /* ViewController.swift in Sources */,
				1844644E27FCDB43005F3B73 /* AppDelegate.swift in Sources */,
				1844645827FCDB43005F3B73 /* gitIgnore.xcdatamodeld in Sources */,
				1844645027FCDB43005F3B73 /* SceneDelegate.swift in Sources */,
			);
			runOnlyForDeploymentPostprocessing = 0;
		};
		1844645F27FCDB47005F3B73 /* Sources */ = {
			isa = PBXSourcesBuildPhase;
			buildActionMask = 2147483647;
			files = (
				1844646827FCDB47005F3B73 /* gitIgnoreTests.swift in Sources */,
			);
			runOnlyForDeploymentPostprocessing = 0;
		};
		1844646927FCDB47005F3B73 /* Sources */ = {
			isa = PBXSourcesBuildPhase;
			buildActionMask = 2147483647;
			files = (
				1844647227FCDB47005F3B73 /* gitIgnoreUITests.swift in Sources */,
				1844647427FCDB47005F3B73 /* gitIgnoreUITestsLaunchTests.swift in Sources */,
			);
			runOnlyForDeploymentPostprocessing = 0;
		};
/* End PBXSourcesBuildPhase section */

/* Begin PBXTargetDependency section */
		1844646527FCDB47005F3B73 /* PBXTargetDependency */ = {
			isa = PBXTargetDependency;
			target = 1844644927FCDB43005F3B73 /* gitIgnore */;
			targetProxy = 1844646427FCDB47005F3B73 /* PBXContainerItemProxy */;
		};
		1844646F27FCDB47005F3B73 /* PBXTargetDependency */ = {
			isa = PBXTargetDependency;
			target = 1844644927FCDB43005F3B73 /* gitIgnore */;
			targetProxy = 1844646E27FCDB47005F3B73 /* PBXContainerItemProxy */;
		};
/* End PBXTargetDependency section */

/* Begin PBXVariantGroup section */
		1844645327FCDB43005F3B73 /* Main.storyboard */ = {
			isa = PBXVariantGroup;
			children = (
				1844645427FCDB43005F3B73 /* Base */,
			);
			name = Main.storyboard;
			sourceTree = "<group>";
		};
		1844645B27FCDB47005F3B73 /* LaunchScreen.storyboard */ = {
			isa = PBXVariantGroup;
			children = (
				1844645C27FCDB47005F3B73 /* Base */,
			);
			name = LaunchScreen.storyboard;
			sourceTree = "<group>";
		};
/* End PBXVariantGroup section */

/* Begin XCBuildConfiguration section */
		1844647527FCDB47005F3B73 /* Debug */ = {
			isa = XCBuildConfiguration;
			buildSettings = {
				ALWAYS_SEARCH_USER_PATHS = NO;
				CLANG_ANALYZER_NONNULL = YES;
				CLANG_ANALYZER_NUMBER_OBJECT_CONVERSION = YES_AGGRESSIVE;
				CLANG_CXX_LANGUAGE_STANDARD = "gnu++17";
				CLANG_ENABLE_MODULES = YES;
				CLANG_ENABLE_OBJC_ARC = YES;
				CLANG_ENABLE_OBJC_WEAK = YES;
				CLANG_WARN_BLOCK_CAPTURE_AUTORELEASING = YES;
				CLANG_WARN_BOOL_CONVERSION = YES;
				CLANG_WARN_COMMA = YES;
				CLANG_WARN_CONSTANT_CONVERSION = YES;
				CLANG_WARN_DEPRECATED_OBJC_IMPLEMENTATIONS = YES;
				CLANG_WARN_DIRECT_OBJC_ISA_USAGE = YES_ERROR;
				CLANG_WARN_DOCUMENTATION_COMMENTS = YES;
				CLANG_WARN_EMPTY_BODY = YES;
				CLANG_WARN_ENUM_CONVERSION = YES;
				CLANG_WARN_INFINITE_RECURSION = YES;
				CLANG_WARN_INT_CONVERSION = YES;
				CLANG_WARN_NON_LITERAL_NULL_CONVERSION = YES;
				CLANG_WARN_OBJC_IMPLICIT_RETAIN_SELF = YES;
				CLANG_WARN_OBJC_LITERAL_CONVERSION = YES;
				CLANG_WARN_OBJC_ROOT_CLASS = YES_ERROR;
				CLANG_WARN_QUOTED_INCLUDE_IN_FRAMEWORK_HEADER = YES;
				CLANG_WARN_RANGE_LOOP_ANALYSIS = YES;
				CLANG_WARN_STRICT_PROTOTYPES = YES;
				CLANG_WARN_SUSPICIOUS_MOVE = YES;
				CLANG_WARN_UNGUARDED_AVAILABILITY = YES_AGGRESSIVE;
				CLANG_WARN_UNREACHABLE_CODE = YES;
				CLANG_WARN__DUPLICATE_METHOD_MATCH = YES;
				COPY_PHASE_STRIP = NO;
				DEBUG_INFORMATION_FORMAT = dwarf;
				ENABLE_STRICT_OBJC_MSGSEND = YES;
				ENABLE_TESTABILITY = YES;
				GCC_C_LANGUAGE_STANDARD = gnu11;
				GCC_DYNAMIC_NO_PIC = NO;
				GCC_NO_COMMON_BLOCKS = YES;
				GCC_OPTIMIZATION_LEVEL = 0;
				GCC_PREPROCESSOR_DEFINITIONS = (
					"DEBUG=1",
					"$(inherited)",
				);
				GCC_WARN_64_TO_32_BIT_CONVERSION = YES;
				GCC_WARN_ABOUT_RETURN_TYPE = YES_ERROR;
				GCC_WARN_UNDECLARED_SELECTOR = YES;
				GCC_WARN_UNINITIALIZED_AUTOS = YES_AGGRESSIVE;
				GCC_WARN_UNUSED_FUNCTION = YES;
				GCC_WARN_UNUSED_VARIABLE = YES;
				IPHONEOS_DEPLOYMENT_TARGET = 15.4;
				MTL_ENABLE_DEBUG_INFO = INCLUDE_SOURCE;
				MTL_FAST_MATH = YES;
				ONLY_ACTIVE_ARCH = YES;
				SDKROOT = iphoneos;
				SWIFT_ACTIVE_COMPILATION_CONDITIONS = DEBUG;
				SWIFT_OPTIMIZATION_LEVEL = "-Onone";
			};
			name = Debug;
		};
		1844647627FCDB47005F3B73 /* Release */ = {
			isa = XCBuildConfiguration;
			buildSettings = {
				ALWAYS_SEARCH_USER_PATHS = NO;
				CLANG_ANALYZER_NONNULL = YES;
				CLANG_ANALYZER_NUMBER_OBJECT_CONVERSION = YES_AGGRESSIVE;
				CLANG_CXX_LANGUAGE_STANDARD = "gnu++17";
				CLANG_ENABLE_MODULES = YES;
				CLANG_ENABLE_OBJC_ARC = YES;
				CLANG_ENABLE_OBJC_WEAK = YES;
				CLANG_WARN_BLOCK_CAPTURE_AUTORELEASING = YES;
				CLANG_WARN_BOOL_CONVERSION = YES;
				CLANG_WARN_COMMA = YES;
				CLANG_WARN_CONSTANT_CONVERSION = YES;
				CLANG_WARN_DEPRECATED_OBJC_IMPLEMENTATIONS = YES;
				CLANG_WARN_DIRECT_OBJC_ISA_USAGE = YES_ERROR;
				CLANG_WARN_DOCUMENTATION_COMMENTS = YES;
				CLANG_WARN_EMPTY_BODY = YES;
				CLANG_WARN_ENUM_CONVERSION = YES;
				CLANG_WARN_INFINITE_RECURSION = YES;
				CLANG_WARN_INT_CONVERSION = YES;
				CLANG_WARN_NON_LITERAL_NULL_CONVERSION = YES;
				CLANG_WARN_OBJC_IMPLICIT_RETAIN_SELF = YES;
				CLANG_WARN_OBJC_LITERAL_CONVERSION = YES;
				CLANG_WARN_OBJC_ROOT_CLASS = YES_ERROR;
				CLANG_WARN_QUOTED_INCLUDE_IN_FRAMEWORK_HEADER = YES;
				CLANG_WARN_RANGE_LOOP_ANALYSIS = YES;
				CLANG_WARN_STRICT_PROTOTYPES = YES;
				CLANG_WARN_SUSPICIOUS_MOVE = YES;
				CLANG_WARN_UNGUARDED_AVAILABILITY = YES_AGGRESSIVE;
				CLANG_WARN_UNREACHABLE_CODE = YES;
				CLANG_WARN__DUPLICATE_METHOD_MATCH = YES;
				COPY_PHASE_STRIP = NO;
				DEBUG_INFORMATION_FORMAT = "dwarf-with-dsym";
				ENABLE_NS_ASSERTIONS = NO;
				ENABLE_STRICT_OBJC_MSGSEND = YES;
				GCC_C_LANGUAGE_STANDARD = gnu11;
				GCC_NO_COMMON_BLOCKS = YES;
				GCC_WARN_64_TO_32_BIT_CONVERSION = YES;
				GCC_WARN_ABOUT_RETURN_TYPE = YES_ERROR;
				GCC_WARN_UNDECLARED_SELECTOR = YES;
				GCC_WARN_UNINITIALIZED_AUTOS = YES_AGGRESSIVE;
				GCC_WARN_UNUSED_FUNCTION = YES;
				GCC_WARN_UNUSED_VARIABLE = YES;
				IPHONEOS_DEPLOYMENT_TARGET = 15.4;
				MTL_ENABLE_DEBUG_INFO = NO;
				MTL_FAST_MATH = YES;
				SDKROOT = iphoneos;
				SWIFT_COMPILATION_MODE = wholemodule;
				SWIFT_OPTIMIZATION_LEVEL = "-O";
				VALIDATE_PRODUCT = YES;
			};
			name = Release;
		};
		1844647827FCDB47005F3B73 /* Debug */ = {
			isa = XCBuildConfiguration;
			buildSettings = {
				ASSETCATALOG_COMPILER_APPICON_NAME = AppIcon;
				ASSETCATALOG_COMPILER_GLOBAL_ACCENT_COLOR_NAME = AccentColor;
				CODE_SIGN_STYLE = Automatic;
				CURRENT_PROJECT_VERSION = 1;
				GENERATE_INFOPLIST_FILE = YES;
				INFOPLIST_FILE = gitIgnore/Info.plist;
				INFOPLIST_KEY_UIApplicationSupportsIndirectInputEvents = YES;
				INFOPLIST_KEY_UILaunchStoryboardName = LaunchScreen;
				INFOPLIST_KEY_UIMainStoryboardFile = Main;
				INFOPLIST_KEY_UISupportedInterfaceOrientations_iPad = "UIInterfaceOrientationPortrait UIInterfaceOrientationPortraitUpsideDown UIInterfaceOrientationLandscapeLeft UIInterfaceOrientationLandscapeRight";
				INFOPLIST_KEY_UISupportedInterfaceOrientations_iPhone = "UIInterfaceOrientationPortrait UIInterfaceOrientationLandscapeLeft UIInterfaceOrientationLandscapeRight";
				LD_RUNPATH_SEARCH_PATHS = (
					"$(inherited)",
					"@executable_path/Frameworks",
				);
				MARKETING_VERSION = 1.0;
				PRODUCT_BUNDLE_IDENTIFIER = com.drudotstech.gitIgnore;
				PRODUCT_NAME = "$(TARGET_NAME)";
				SWIFT_EMIT_LOC_STRINGS = YES;
				SWIFT_VERSION = 5.0;
				TARGETED_DEVICE_FAMILY = "1,2";
			};
			name = Debug;
		};
		1844647927FCDB47005F3B73 /* Release */ = {
			isa = XCBuildConfiguration;
			buildSettings = {
				ASSETCATALOG_COMPILER_APPICON_NAME = AppIcon;
				ASSETCATALOG_COMPILER_GLOBAL_ACCENT_COLOR_NAME = AccentColor;
				CODE_SIGN_STYLE = Automatic;
				CURRENT_PROJECT_VERSION = 1;
				GENERATE_INFOPLIST_FILE = YES;
				INFOPLIST_FILE = gitIgnore/Info.plist;
				INFOPLIST_KEY_UIApplicationSupportsIndirectInputEvents = YES;
				INFOPLIST_KEY_UILaunchStoryboardName = LaunchScreen;
				INFOPLIST_KEY_UIMainStoryboardFile = Main;
				INFOPLIST_KEY_UISupportedInterfaceOrientations_iPad = "UIInterfaceOrientationPortrait UIInterfaceOrientationPortraitUpsideDown UIInterfaceOrientationLandscapeLeft UIInterfaceOrientationLandscapeRight";
				INFOPLIST_KEY_UISupportedInterfaceOrientations_iPhone = "UIInterfaceOrientationPortrait UIInterfaceOrientationLandscapeLeft UIInterfaceOrientationLandscapeRight";
				LD_RUNPATH_SEARCH_PATHS = (
					"$(inherited)",
					"@executable_path/Frameworks",
				);
				MARKETING_VERSION = 1.0;
				PRODUCT_BUNDLE_IDENTIFIER = com.drudotstech.gitIgnore;
				PRODUCT_NAME = "$(TARGET_NAME)";
				SWIFT_EMIT_LOC_STRINGS = YES;
				SWIFT_VERSION = 5.0;
				TARGETED_DEVICE_FAMILY = "1,2";
			};
			name = Release;
		};
		1844647B27FCDB47005F3B73 /* Debug */ = {
			isa = XCBuildConfiguration;
			buildSettings = {
				ALWAYS_EMBED_SWIFT_STANDARD_LIBRARIES = YES;
				BUNDLE_LOADER = "$(TEST_HOST)";
				CODE_SIGN_STYLE = Automatic;
				CURRENT_PROJECT_VERSION = 1;
				GENERATE_INFOPLIST_FILE = YES;
				IPHONEOS_DEPLOYMENT_TARGET = 15.4;
				MARKETING_VERSION = 1.0;
				PRODUCT_BUNDLE_IDENTIFIER = com.drudotstech.gitIgnoreTests;
				PRODUCT_NAME = "$(TARGET_NAME)";
				SWIFT_EMIT_LOC_STRINGS = NO;
				SWIFT_VERSION = 5.0;
				TARGETED_DEVICE_FAMILY = "1,2";
				TEST_HOST = "$(BUILT_PRODUCTS_DIR)/gitIgnore.app/gitIgnore";
			};
			name = Debug;
		};
		1844647C27FCDB47005F3B73 /* Release */ = {
			isa = XCBuildConfiguration;
			buildSettings = {
				ALWAYS_EMBED_SWIFT_STANDARD_LIBRARIES = YES;
				BUNDLE_LOADER = "$(TEST_HOST)";
				CODE_SIGN_STYLE = Automatic;
				CURRENT_PROJECT_VERSION = 1;
				GENERATE_INFOPLIST_FILE = YES;
				IPHONEOS_DEPLOYMENT_TARGET = 15.4;
				MARKETING_VERSION = 1.0;
				PRODUCT_BUNDLE_IDENTIFIER = com.drudotstech.gitIgnoreTests;
				PRODUCT_NAME = "$(TARGET_NAME)";
				SWIFT_EMIT_LOC_STRINGS = NO;
				SWIFT_VERSION = 5.0;
				TARGETED_DEVICE_FAMILY = "1,2";
				TEST_HOST = "$(BUILT_PRODUCTS_DIR)/gitIgnore.app/gitIgnore";
			};
			name = Release;
		};
		1844647E27FCDB47005F3B73 /* Debug */ = {
			isa = XCBuildConfiguration;
			buildSettings = {
				ALWAYS_EMBED_SWIFT_STANDARD_LIBRARIES = YES;
				CODE_SIGN_STYLE = Automatic;
				CURRENT_PROJECT_VERSION = 1;
				GENERATE_INFOPLIST_FILE = YES;
				MARKETING_VERSION = 1.0;
				PRODUCT_BUNDLE_IDENTIFIER = com.drudotstech.gitIgnoreUITests;
				PRODUCT_NAME = "$(TARGET_NAME)";
				SWIFT_EMIT_LOC_STRINGS = NO;
				SWIFT_VERSION = 5.0;
				TARGETED_DEVICE_FAMILY = "1,2";
				TEST_TARGET_NAME = gitIgnore;
			};
			name = Debug;
		};
		1844647F27FCDB47005F3B73 /* Release */ = {
			isa = XCBuildConfiguration;
			buildSettings = {
				ALWAYS_EMBED_SWIFT_STANDARD_LIBRARIES = YES;
				CODE_SIGN_STYLE = Automatic;
				CURRENT_PROJECT_VERSION = 1;
				GENERATE_INFOPLIST_FILE = YES;
				MARKETING_VERSION = 1.0;
				PRODUCT_BUNDLE_IDENTIFIER = com.drudotstech.gitIgnoreUITests;
				PRODUCT_NAME = "$(TARGET_NAME)";
				SWIFT_EMIT_LOC_STRINGS = NO;
				SWIFT_VERSION = 5.0;
				TARGETED_DEVICE_FAMILY = "1,2";
				TEST_TARGET_NAME = gitIgnore;
			};
			name = Release;
		};
/* End XCBuildConfiguration section */

/* Begin XCConfigurationList section */
		1844644527FCDB43005F3B73 /* Build configuration list for PBXProject "gitIgnore" */ = {
			isa = XCConfigurationList;
			buildConfigurations = (
				1844647527FCDB47005F3B73 /* Debug */,
				1844647627FCDB47005F3B73 /* Release */,
			);
			defaultConfigurationIsVisible = 0;
			defaultConfigurationName = Release;
		};
		1844647727FCDB47005F3B73 /* Build configuration list for PBXNativeTarget "gitIgnore" */ = {
			isa = XCConfigurationList;
			buildConfigurations = (
				1844647827FCDB47005F3B73 /* Debug */,
				1844647927FCDB47005F3B73 /* Release */,
			);
			defaultConfigurationIsVisible = 0;
			defaultConfigurationName = Release;
		};
		1844647A27FCDB47005F3B73 /* Build configuration list for PBXNativeTarget "gitIgnoreTests" */ = {
			isa = XCConfigurationList;
			buildConfigurations = (
				1844647B27FCDB47005F3B73 /* Debug */,
				1844647C27FCDB47005F3B73 /* Release */,
			);
			defaultConfigurationIsVisible = 0;
			defaultConfigurationName = Release;
		};
		1844647D27FCDB47005F3B73 /* Build configuration list for PBXNativeTarget "gitIgnoreUITests" */ = {
			isa = XCConfigurationList;
			buildConfigurations = (
				1844647E27FCDB47005F3B73 /* Debug */,
				1844647F27FCDB47005F3B73 /* Release */,
			);
			defaultConfigurationIsVisible = 0;
			defaultConfigurationName = Release;
		};
/* End XCConfigurationList section */

/* Begin XCVersionGroup section */
		1844645627FCDB43005F3B73 /* gitIgnore.xcdatamodeld */ = {
			isa = XCVersionGroup;
			children = (
				1844645727FCDB43005F3B73 /* gitIgnore.xcdatamodel */,
			);
			currentVersion = 1844645727FCDB43005F3B73 /* gitIgnore.xcdatamodel */;
			path = gitIgnore.xcdatamodeld;
			sourceTree = "<group>";
			versionGroupType = wrapper.xcdatamodel;
		};
/* End XCVersionGroup section */
	};
	rootObject = 1844644227FCDB43005F3B73 /* Project object */;
}
